
Microsoft Visual Studio Solution File, Format Version 12.00
# Visual Studio Version 16
VisualStudioVersion = 16.0.31321.278
MinimumVisualStudioVersion = 10.0.40219.1
Project("{FAE04EC0-301F-11D3-BF4B-00C04F79EFBC}") = "RNF_Web", "RNF_Web.csproj", "{75016E0B-905A-40B5-8B5C-5D7749CECE08}"
EndProject
Global
	GlobalSection(SolutionConfigurationPlatforms) = preSolution
		Debug|Any CPU = Debug|Any CPU
		Release|Any CPU = Release|Any CPU
	EndGlobalSection
	GlobalSection(ProjectConfigurationPlatforms) = postSolution
		{75016E0B-905A-40B5-8B5C-5D7749CECE08}.Debug|Any CPU.ActiveCfg = Debug|Any CPU
		{75016E0B-905A-40B5-8B5C-5D7749CECE08}.Debug|Any CPU.Build.0 = Debug|Any CPU
		{75016E0B-905A-40B5-8B5C-5D7749CECE08}.Release|Any CPU.ActiveCfg = Release|Any CPU
		{75016E0B-905A-40B5-8B5C-5D7749CECE08}.Release|Any CPU.Build.0 = Release|Any CPU
	EndGlobalSection
	GlobalSection(SolutionProperties) = preSolution
		HideSolutionNode = FALSE
	EndGlobalSection
	GlobalSection(ExtensibilityGlobals) = postSolution
		SolutionGuid = {7A8B09BC-95B8-49E5-BDF6-814479DC5D4E}
	EndGlobalSection
EndGlobal
